
Microsoft Visual Studio Solution File, Format Version 12.00
# Visual Studio Version 16
VisualStudioVersion = 16.0.29806.167
MinimumVisualStudioVersion = 10.0.40219.1
Project("{9A19103F-16F7-4668-BE54-9A1E7A4F7556}") = "Contact.Entry.Api", "Contact.Entry.Api\Contact.Entry.Api.csproj", "{B3DD0B6F-4D53-4135-B9ED-20F9B79D740F}"
EndProject
Project("{FAE04EC0-301F-11D3-BF4B-00C04F79EFBC}") = "Contact.Entry.Tests", "Contact.Entry.Tests\Contact.Entry.Tests.csproj", "{A207C399-51A4-4C51-AAB7-2497EC16FAA9}"
EndProject
Global
	GlobalSection(SolutionConfigurationPlatforms) = preSolution
		Debug|Any CPU = Debug|Any CPU
		Release|Any CPU = Release|Any CPU
	EndGlobalSection
	GlobalSection(ProjectConfigurationPlatforms) = postSolution
		{B3DD0B6F-4D53-4135-B9ED-20F9B79D740F}.Debug|Any CPU.ActiveCfg = Debug|Any CPU
		{B3DD0B6F-4D53-4135-B9ED-20F9B79D740F}.Debug|Any CPU.Build.0 = Debug|Any CPU
		{B3DD0B6F-4D53-4135-B9ED-20F9B79D740F}.Release|Any CPU.ActiveCfg = Release|Any CPU
		{B3DD0B6F-4D53-4135-B9ED-20F9B79D740F}.Release|Any CPU.Build.0 = Release|Any CPU
		{A207C399-51A4-4C51-AAB7-2497EC16FAA9}.Debug|Any CPU.ActiveCfg = Debug|Any CPU
		{A207C399-51A4-4C51-AAB7-2497EC16FAA9}.Debug|Any CPU.Build.0 = Debug|Any CPU
		{A207C399-51A4-4C51-AAB7-2497EC16FAA9}.Release|Any CPU.ActiveCfg = Release|Any CPU
		{A207C399-51A4-4C51-AAB7-2497EC16FAA9}.Release|Any CPU.Build.0 = Release|Any CPU
	EndGlobalSection
	GlobalSection(SolutionProperties) = preSolution
		HideSolutionNode = FALSE
	EndGlobalSection
	GlobalSection(ExtensibilityGlobals) = postSolution
		SolutionGuid = {78671D7F-E1A2-48E2-ACCE-B472771F732F}
	EndGlobalSection
EndGlobal
